PODS:
  - MapboxCommon (23.1.0-beta.1)
  - MapboxCoreMaps (10.9.0-beta.1):
    - MapboxCommon (~> 23.1.0-beta)
  - MapboxMaps (10.9.0-beta.1):
    - MapboxCommon (= 23.1.0-beta.1)
    - MapboxCoreMaps (= 10.9.0-beta.1)
    - MapboxMobileEvents (= 1.0.8)
    - Turf (~> 2.0)
  - MapboxMobileEvents (1.0.8)
  - Turf (2.5.0)

DEPENDENCIES:
  - MapboxMaps (= 10.9.0-beta.1)

SPEC REPOS:
  trunk:
    - MapboxCommon
    - MapboxCoreMaps
    - MapboxMaps
    - MapboxMobileEvents
    - Turf

SPEC CHECKSUMS:
  MapboxCommon: 791af7e0e192d5cc2bc5c544120b16a6724d2bc7
  MapboxCoreMaps: cd3ef30a5fbd0c1567152ebc9b74928f26f38d3f
  MapboxMaps: 17368392d233a062abdd78f57316b2dba0e77d5d
  MapboxMobileEvents: febdd92835daa258ca1c1faad0821c0b3394ef40
  Turf: 8adf034c2963a0e587b979c51b5c12c396e29c44

PODFILE CHECKSUM: 67c09bae8ca27692f1e539c2db4edfc7be83b999

COCOAPODS: 1.11.2
