// !$*UTF8*$!
{
	archiveVersion = 1;
	classes = {
	};
	objectVersion = 55;
	objects = {

/* Begin PBXBuildFile section */
		2C5CC506274F3819008EF015 /* AppDelegate.swift in Sources */ = {isa = PBXBuildFile; fileRef = 2C5CC505274F3819008EF015 /* AppDelegate.swift */; };
		2C5CC508274F3819008EF015 /* SceneDelegate.swift in Sources */ = {isa = PBXBuildFile; fileRef = 2C5CC507274F3819008EF015 /* SceneDelegate.swift */; };
		2C5CC50A274F3819008EF015 /* MainViewController.swift in Sources */ = {isa = PBXBuildFile; fileRef = 2C5CC509274F3819008EF015 /* MainViewController.swift */; };
		2C5CC50F274F381D008EF015 /* Assets.xcassets in Resources */ = {isa = PBXBuildFile; fileRef = 2C5CC50E274F381D008EF015 /* Assets.xcassets */; };
		2C5CC512274F381D008EF015 /* LaunchScreen.storyboard in Resources */ = {isa = PBXBuildFile; fileRef = 2C5CC510274F381D008EF015 /* LaunchScreen.storyboard */; };
		2C5CC558274F5ED8008EF015 /* MapViewController.swift in Sources */ = {isa = PBXBuildFile; fileRef = 2C5CC557274F5ED8008EF015 /* MapViewController.swift */; };
		2CAE93DD27BDE42800698597 /* MarkerViewController.swift in Sources */ = {isa = PBXBuildFile; fileRef = 2CAE93DC27BDE42800698597 /* MarkerViewController.swift */; };
		2CAE93DF27BE5B0400698597 /* LocationComsumerViewController.swift in Sources */ = {isa = PBXBuildFile; fileRef = 2CAE93DE27BE5B0400698597 /* LocationComsumerViewController.swift */; };
		2CDBEB1A2750C1B1002F6C88 /* Settings.bundle in Resources */ = {isa = PBXBuildFile; fileRef = 2CDBEB192750C1B1002F6C88 /* Settings.bundle */; };
		2CF0CAAF27B0E8D000130C61 /* CustomTrainMapViewController.swift in Sources */ = {isa = PBXBuildFile; fileRef = 2CF0CAAE27B0E8D000130C61 /* CustomTrainMapViewController.swift */; };
		2CF0CAB127B3A96200130C61 /* N02-20_Station.geojson in Resources */ = {isa = PBXBuildFile; fileRef = 2CF0CAB027B3A96200130C61 /* N02-20_Station.geojson */; };
		2CF0CAB327B3A96E00130C61 /* N02-20_RailroadSection.geojson in Resources */ = {isa = PBXBuildFile; fileRef = 2CF0CAB227B3A96E00130C61 /* N02-20_RailroadSection.geojson */; };
		2CF0CAB527B3E08600130C61 /* sample.geojson in Resources */ = {isa = PBXBuildFile; fileRef = 2CF0CAB427B3E08600130C61 /* sample.geojson */; };
		2CF72B8927BFE9010015A51A /* CustomLocationProvider2.swift in Sources */ = {isa = PBXBuildFile; fileRef = 2CF72B8827BFE9010015A51A /* CustomLocationProvider2.swift */; };
		2CF72B8B27D5EFAB0015A51A /* MasterViewController.swift in Sources */ = {isa = PBXBuildFile; fileRef = 2CF72B8A27D5EFAB0015A51A /* MasterViewController.swift */; };
		3FA144C2A1F3AA4CDC30F62D /* Pods_MapBoxTraining.framework in Frameworks */ = {isa = PBXBuildFile; fileRef = D68350ADD40BA0AA506EA1AA /* Pods_MapBoxTraining.framework */; };
/* End PBXBuildFile section */

/* Begin PBXFileReference section */
		2C5CC502274F3819008EF015 /* MapBoxTraining.app */ = {isa = PBXFileReference; explicitFileType = wrapper.application; includeInIndex = 0; path = MapBoxTraining.app; sourceTree = BUILT_PRODUCTS_DIR; };
		2C5CC505274F3819008EF015 /* AppDelegate.swift */ = {isa = PBXFileReference; lastKnownFileType = sourcecode.swift; path = AppDelegate.swift; sourceTree = "<group>"; };
		2C5CC507274F3819008EF015 /* SceneDelegate.swift */ = {isa = PBXFileReference; lastKnownFileType = sourcecode.swift; path = SceneDelegate.swift; sourceTree = "<group>"; };
		2C5CC509274F3819008EF015 /* MainViewController.swift */ = {isa = PBXFileReference; lastKnownFileType = sourcecode.swift; path = MainViewController.swift; sourceTree = "<group>"; };
		2C5CC50E274F381D008EF015 /* Assets.xcassets */ = {isa = PBXFileReference; lastKnownFileType = folder.assetcatalog; path = Assets.xcassets; sourceTree = "<group>"; };
		2C5CC511274F381D008EF015 /* Base */ = {isa = PBXFileReference; lastKnownFileType = file.storyboard; name = Base; path = Base.lproj/LaunchScreen.storyboard; sourceTree = "<group>"; };
		2C5CC513274F381D008EF015 /* Info.plist */ = {isa = PBXFileReference; lastKnownFileType = text.plist.xml; path = Info.plist; sourceTree = "<group>"; };
		2C5CC557274F5ED8008EF015 /* MapViewController.swift */ = {isa = PBXFileReference; lastKnownFileType = sourcecode.swift; path = MapViewController.swift; sourceTree = "<group>"; };
		2CAE93DC27BDE42800698597 /* MarkerViewController.swift */ = {isa = PBXFileReference; lastKnownFileType = sourcecode.swift; path = MarkerViewController.swift; sourceTree = "<group>"; };
		2CAE93DE27BE5B0400698597 /* LocationComsumerViewController.swift */ = {isa = PBXFileReference; lastKnownFileType = sourcecode.swift; path = LocationComsumerViewController.swift; sourceTree = "<group>"; };
		2CDBEB192750C1B1002F6C88 /* Settings.bundle */ = {isa = PBXFileReference; lastKnownFileType = "wrapper.plug-in"; path = Settings.bundle; sourceTree = "<group>"; };
		2CF0CAAE27B0E8D000130C61 /* CustomTrainMapViewController.swift */ = {isa = PBXFileReference; lastKnownFileType = sourcecode.swift; path = CustomTrainMapViewController.swift; sourceTree = "<group>"; };
		2CF0CAB027B3A96200130C61 /* N02-20_Station.geojson */ = {isa = PBXFileReference; lastKnownFileType = text; path = "N02-20_Station.geojson"; sourceTree = "<group>"; };
		2CF0CAB227B3A96E00130C61 /* N02-20_RailroadSection.geojson */ = {isa = PBXFileReference; lastKnownFileType = text; path = "N02-20_RailroadSection.geojson"; sourceTree = "<group>"; };
		2CF0CAB427B3E08600130C61 /* sample.geojson */ = {isa = PBXFileReference; lastKnownFileType = text; path = sample.geojson; sourceTree = "<group>"; };
		2CF72B8827BFE9010015A51A /* CustomLocationProvider2.swift */ = {isa = PBXFileReference; lastKnownFileType = sourcecode.swift; path = CustomLocationProvider2.swift; sourceTree = "<group>"; };
		2CF72B8A27D5EFAB0015A51A /* MasterViewController.swift */ = {isa = PBXFileReference; lastKnownFileType = sourcecode.swift; path = MasterViewController.swift; sourceTree = "<group>"; };
		9D29CF4D2946043E4DE207B4 /* Pods-MapBoxTraining.release.xcconfig */ = {isa = PBXFileReference; includeInIndex = 1; lastKnownFileType = text.xcconfig; name = "Pods-MapBoxTraining.release.xcconfig"; path = "Target Support Files/Pods-MapBoxTraining/Pods-MapBoxTraining.release.xcconfig"; sourceTree = "<group>"; };
		A207568CA2FD9D24CCBAFCBF /* Pods-MapBoxTraining.debug.xcconfig */ = {isa = PBXFileReference; includeInIndex = 1; lastKnownFileType = text.xcconfig; name = "Pods-MapBoxTraining.debug.xcconfig"; path = "Target Support Files/Pods-MapBoxTraining/Pods-MapBoxTraining.debug.xcconfig"; sourceTree = "<group>"; };
		D68350ADD40BA0AA506EA1AA /* Pods_MapBoxTraining.framework */ = {isa = PBXFileReference; explicitFileType = wrapper.framework; includeInIndex = 0; path = Pods_MapBoxTraining.framework; sourceTree = BUILT_PRODUCTS_DIR; };
/* End PBXFileReference section */

/* Begin PBXFrameworksBuildPhase section */
		2C5CC4FF274F3819008EF015 /* Frameworks */ = {
			isa = PBXFrameworksBuildPhase;
			buildActionMask = 2147483647;
			files = (
				3FA144C2A1F3AA4CDC30F62D /* Pods_MapBoxTraining.framework in Frameworks */,
			);
			runOnlyForDeploymentPostprocessing = 0;
		};
/* End PBXFrameworksBuildPhase section */

/* Begin PBXGroup section */
		077752C9B8669EC4B2BD9284 /* Pods */ = {
			isa = PBXGroup;
			children = (
				A207568CA2FD9D24CCBAFCBF /* Pods-MapBoxTraining.debug.xcconfig */,
				9D29CF4D2946043E4DE207B4 /* Pods-MapBoxTraining.release.xcconfig */,
			);
			path = Pods;
			sourceTree = "<group>";
		};
		1E4A955BFA8ADEA903D6D037 /* Frameworks */ = {
			isa = PBXGroup;
			children = (
				D68350ADD40BA0AA506EA1AA /* Pods_MapBoxTraining.framework */,
			);
			name = Frameworks;
			sourceTree = "<group>";
		};
		2C5CC4F9274F3819008EF015 = {
			isa = PBXGroup;
			children = (
				2CF0CAB427B3E08600130C61 /* sample.geojson */,
				2CF0CAB227B3A96E00130C61 /* N02-20_RailroadSection.geojson */,
				2CF0CAB027B3A96200130C61 /* N02-20_Station.geojson */,
				2CDBEB192750C1B1002F6C88 /* Settings.bundle */,
				2C5CC504274F3819008EF015 /* MapBoxTraining */,
				2C5CC503274F3819008EF015 /* Products */,
				077752C9B8669EC4B2BD9284 /* Pods */,
				1E4A955BFA8ADEA903D6D037 /* Frameworks */,
			);
			sourceTree = "<group>";
		};
		2C5CC503274F3819008EF015 /* Products */ = {
			isa = PBXGroup;
			children = (
				2C5CC502274F3819008EF015 /* MapBoxTraining.app */,
			);
			name = Products;
			sourceTree = "<group>";
		};
		2C5CC504274F3819008EF015 /* MapBoxTraining */ = {
			isa = PBXGroup;
			children = (
				2C5CC505274F3819008EF015 /* AppDelegate.swift */,
				2C5CC507274F3819008EF015 /* SceneDelegate.swift */,
				2C5CC509274F3819008EF015 /* MainViewController.swift */,
				2C5CC557274F5ED8008EF015 /* MapViewController.swift */,
				2CF0CAAE27B0E8D000130C61 /* CustomTrainMapViewController.swift */,
				2C5CC50E274F381D008EF015 /* Assets.xcassets */,
				2C5CC510274F381D008EF015 /* LaunchScreen.storyboard */,
				2C5CC513274F381D008EF015 /* Info.plist */,
				2CAE93DC27BDE42800698597 /* MarkerViewController.swift */,
				2CAE93DE27BE5B0400698597 /* LocationComsumerViewController.swift */,
				2CF72B8827BFE9010015A51A /* CustomLocationProvider2.swift */,
				2CF72B8A27D5EFAB0015A51A /* MasterViewController.swift */,
			);
			path = MapBoxTraining;
			sourceTree = "<group>";
		};
/* End PBXGroup section */

/* Begin PBXNativeTarget section */
		2C5CC501274F3819008EF015 /* MapBoxTraining */ = {
			isa = PBXNativeTarget;
			buildConfigurationList = 2C5CC516274F381D008EF015 /* Build configuration list for PBXNativeTarget "MapBoxTraining" */;
			buildPhases = (
				D520EF4B6610F929AF964344 /* [CP] Check Pods Manifest.lock */,
				2C5CC4FE274F3819008EF015 /* Sources */,
				2C5CC4FF274F3819008EF015 /* Frameworks */,
				2C5CC500274F3819008EF015 /* Resources */,
				EC9DAF371B84560F852823BD /* [CP] Embed Pods Frameworks */,
			);
			buildRules = (
			);
			dependencies = (
			);
			name = MapBoxTraining;
			productName = MapBoxTraining;
			productReference = 2C5CC502274F3819008EF015 /* MapBoxTraining.app */;
			productType = "com.apple.product-type.application";
		};
/* End PBXNativeTarget section */

/* Begin PBXProject section */
		2C5CC4FA274F3819008EF015 /* Project object */ = {
			isa = PBXProject;
			attributes = {
				BuildIndependentTargetsInParallel = 1;
				LastSwiftUpdateCheck = 1300;
				LastUpgradeCheck = 1300;
				TargetAttributes = {
					2C5CC501274F3819008EF015 = {
						CreatedOnToolsVersion = 13.0;
					};
				};
			};
			buildConfigurationList = 2C5CC4FD274F3819008EF015 /* Build configuration list for PBXProject "MapBoxTraining" */;
			compatibilityVersion = "Xcode 13.0";
			developmentRegion = en;
			hasScannedForEncodings = 0;
			knownRegions = (
				en,
				Base,
			);
			mainGroup = 2C5CC4F9274F3819008EF015;
			productRefGroup = 2C5CC503274F3819008EF015 /* Products */;
			projectDirPath = "";
			projectRoot = "";
			targets = (
				2C5CC501274F3819008EF015 /* MapBoxTraining */,
			);
		};
/* End PBXProject section */

/* Begin PBXResourcesBuildPhase section */
		2C5CC500274F3819008EF015 /* Resources */ = {
			isa = PBXResourcesBuildPhase;
			buildActionMask = 2147483647;
			files = (
				2CF0CAB327B3A96E00130C61 /* N02-20_RailroadSection.geojson in Resources */,
				2CF0CAB127B3A96200130C61 /* N02-20_Station.geojson in Resources */,
				2C5CC512274F381D008EF015 /* LaunchScreen.storyboard in Resources */,
				2CDBEB1A2750C1B1002F6C88 /* Settings.bundle in Resources */,
				2CF0CAB527B3E08600130C61 /* sample.geojson in Resources */,
				2C5CC50F274F381D008EF015 /* Assets.xcassets in Resources */,
			);
			runOnlyForDeploymentPostprocessing = 0;
		};
/* End PBXResourcesBuildPhase section */

/* Begin PBXShellScriptBuildPhase section */
		D520EF4B6610F929AF964344 /* [CP] Check Pods Manifest.lock */ = {
			isa = PBXShellScriptBuildPhase;
			buildActionMask = 2147483647;
			files = (
			);
			inputFileListPaths = (
			);
			inputPaths = (
				"${PODS_PODFILE_DIR_PATH}/Podfile.lock",
				"${PODS_ROOT}/Manifest.lock",
			);
			name = "[CP] Check Pods Manifest.lock";
			outputFileListPaths = (
			);
			outputPaths = (
				"$(DERIVED_FILE_DIR)/Pods-MapBoxTraining-checkManifestLockResult.txt",
			);
			runOnlyForDeploymentPostprocessing = 0;
			shellPath = /bin/sh;
			shellScript = "diff \"${PODS_PODFILE_DIR_PATH}/Podfile.lock\" \"${PODS_ROOT}/Manifest.lock\" > /dev/null\nif [ $? != 0 ] ; then\n    # print error to STDERR\n    echo \"error: The sandbox is not in sync with the Podfile.lock. Run 'pod install' or update your CocoaPods installation.\" >&2\n    exit 1\nfi\n# This output is used by Xcode 'outputs' to avoid re-running this script phase.\necho \"SUCCESS\" > \"${SCRIPT_OUTPUT_FILE_0}\"\n";
			showEnvVarsInLog = 0;
		};
		EC9DAF371B84560F852823BD /* [CP] Embed Pods Frameworks */ = {
			isa = PBXShellScriptBuildPhase;
			buildActionMask = 2147483647;
			files = (
			);
			inputFileListPaths = (
				"${PODS_ROOT}/Target Support Files/Pods-MapBoxTraining/Pods-MapBoxTraining-frameworks-${CONFIGURATION}-input-files.xcfilelist",
			);
			name = "[CP] Embed Pods Frameworks";
			outputFileListPaths = (
				"${PODS_ROOT}/Target Support Files/Pods-MapBoxTraining/Pods-MapBoxTraining-frameworks-${CONFIGURATION}-output-files.xcfilelist",
			);
			runOnlyForDeploymentPostprocessing = 0;
			shellPath = /bin/sh;
			shellScript = "\"${PODS_ROOT}/Target Support Files/Pods-MapBoxTraining/Pods-MapBoxTraining-frameworks.sh\"\n";
			showEnvVarsInLog = 0;
		};
/* End PBXShellScriptBuildPhase section */

/* Begin PBXSourcesBuildPhase section */
		2C5CC4FE274F3819008EF015 /* Sources */ = {
			isa = PBXSourcesBuildPhase;
			buildActionMask = 2147483647;
			files = (
				2CF72B8927BFE9010015A51A /* CustomLocationProvider2.swift in Sources */,
				2CAE93DD27BDE42800698597 /* MarkerViewController.swift in Sources */,
				2C5CC50A274F3819008EF015 /* MainViewController.swift in Sources */,
				2C5CC506274F3819008EF015 /* AppDelegate.swift in Sources */,
				2C5CC508274F3819008EF015 /* SceneDelegate.swift in Sources */,
				2CF72B8B27D5EFAB0015A51A /* MasterViewController.swift in Sources */,
				2CF0CAAF27B0E8D000130C61 /* CustomTrainMapViewController.swift in Sources */,
				2C5CC558274F5ED8008EF015 /* MapViewController.swift in Sources */,
				2CAE93DF27BE5B0400698597 /* LocationComsumerViewController.swift in Sources */,
			);
			runOnlyForDeploymentPostprocessing = 0;
		};
/* End PBXSourcesBuildPhase section */

/* Begin PBXVariantGroup section */
		2C5CC510274F381D008EF015 /* LaunchScreen.storyboard */ = {
			isa = PBXVariantGroup;
			children = (
				2C5CC511274F381D008EF015 /* Base */,
			);
			name = LaunchScreen.storyboard;
			sourceTree = "<group>";
		};
/* End PBXVariantGroup section */

/* Begin XCBuildConfiguration section */
		2C5CC514274F381D008EF015 /* Debug */ = {
			isa = XCBuildConfiguration;
			buildSettings = {
				ALWAYS_SEARCH_USER_PATHS = NO;
				CLANG_ANALYZER_NONNULL = YES;
				CLANG_ANALYZER_NUMBER_OBJECT_CONVERSION = YES_AGGRESSIVE;
				CLANG_CXX_LANGUAGE_STANDARD = "gnu++17";
				CLANG_CXX_LIBRARY = "libc++";
				CLANG_ENABLE_MODULES = YES;
				CLANG_ENABLE_OBJC_ARC = YES;
				CLANG_ENABLE_OBJC_WEAK = YES;
				CLANG_WARN_BLOCK_CAPTURE_AUTORELEASING = YES;
				CLANG_WARN_BOOL_CONVERSION = YES;
				CLANG_WARN_COMMA = YES;
				CLANG_WARN_CONSTANT_CONVERSION = YES;
				CLANG_WARN_DEPRECATED_OBJC_IMPLEMENTATIONS = YES;
				CLANG_WARN_DIRECT_OBJC_ISA_USAGE = YES_ERROR;
				CLANG_WARN_DOCUMENTATION_COMMENTS = YES;
				CLANG_WARN_EMPTY_BODY = YES;
				CLANG_WARN_ENUM_CONVERSION = YES;
				CLANG_WARN_INFINITE_RECURSION = YES;
				CLANG_WARN_INT_CONVERSION = YES;
				CLANG_WARN_NON_LITERAL_NULL_CONVERSION = YES;
				CLANG_WARN_OBJC_IMPLICIT_RETAIN_SELF = YES;
				CLANG_WARN_OBJC_LITERAL_CONVERSION = YES;
				CLANG_WARN_OBJC_ROOT_CLASS = YES_ERROR;
				CLANG_WARN_QUOTED_INCLUDE_IN_FRAMEWORK_HEADER = YES;
				CLANG_WARN_RANGE_LOOP_ANALYSIS = YES;
				CLANG_WARN_STRICT_PROTOTYPES = YES;
				CLANG_WARN_SUSPICIOUS_MOVE = YES;
				CLANG_WARN_UNGUARDED_AVAILABILITY = YES_AGGRESSIVE;
				CLANG_WARN_UNREACHABLE_CODE = YES;
				CLANG_WARN__DUPLICATE_METHOD_MATCH = YES;
				COPY_PHASE_STRIP = NO;
				DEBUG_INFORMATION_FORMAT = dwarf;
				ENABLE_STRICT_OBJC_MSGSEND = YES;
				ENABLE_TESTABILITY = YES;
				GCC_C_LANGUAGE_STANDARD = gnu11;
				GCC_DYNAMIC_NO_PIC = NO;
				GCC_NO_COMMON_BLOCKS = YES;
				GCC_OPTIMIZATION_LEVEL = 0;
				GCC_PREPROCESSOR_DEFINITIONS = (
					"DEBUG=1",
					"$(inherited)",
				);
				GCC_WARN_64_TO_32_BIT_CONVERSION = YES;
				GCC_WARN_ABOUT_RETURN_TYPE = YES_ERROR;
				GCC_WARN_UNDECLARED_SELECTOR = YES;
				GCC_WARN_UNINITIALIZED_AUTOS = YES_AGGRESSIVE;
				GCC_WARN_UNUSED_FUNCTION = YES;
				GCC_WARN_UNUSED_VARIABLE = YES;
				IPHONEOS_DEPLOYMENT_TARGET = 15.0;
				MTL_ENABLE_DEBUG_INFO = INCLUDE_SOURCE;
				MTL_FAST_MATH = YES;
				ONLY_ACTIVE_ARCH = YES;
				SDKROOT = iphoneos;
				SWIFT_ACTIVE_COMPILATION_CONDITIONS = DEBUG;
				SWIFT_OPTIMIZATION_LEVEL = "-Onone";
			};
			name = Debug;
		};
		2C5CC515274F381D008EF015 /* Release */ = {
			isa = XCBuildConfiguration;
			buildSettings = {
				ALWAYS_SEARCH_USER_PATHS = NO;
				CLANG_ANALYZER_NONNULL = YES;
				CLANG_ANALYZER_NUMBER_OBJECT_CONVERSION = YES_AGGRESSIVE;
				CLANG_CXX_LANGUAGE_STANDARD = "gnu++17";
				CLANG_CXX_LIBRARY = "libc++";
				CLANG_ENABLE_MODULES = YES;
				CLANG_ENABLE_OBJC_ARC = YES;
				CLANG_ENABLE_OBJC_WEAK = YES;
				CLANG_WARN_BLOCK_CAPTURE_AUTORELEASING = YES;
				CLANG_WARN_BOOL_CONVERSION = YES;
				CLANG_WARN_COMMA = YES;
				CLANG_WARN_CONSTANT_CONVERSION = YES;
				CLANG_WARN_DEPRECATED_OBJC_IMPLEMENTATIONS = YES;
				CLANG_WARN_DIRECT_OBJC_ISA_USAGE = YES_ERROR;
				CLANG_WARN_DOCUMENTATION_COMMENTS = YES;
				CLANG_WARN_EMPTY_BODY = YES;
				CLANG_WARN_ENUM_CONVERSION = YES;
				CLANG_WARN_INFINITE_RECURSION = YES;
				CLANG_WARN_INT_CONVERSION = YES;
				CLANG_WARN_NON_LITERAL_NULL_CONVERSION = YES;
				CLANG_WARN_OBJC_IMPLICIT_RETAIN_SELF = YES;
				CLANG_WARN_OBJC_LITERAL_CONVERSION = YES;
				CLANG_WARN_OBJC_ROOT_CLASS = YES_ERROR;
				CLANG_WARN_QUOTED_INCLUDE_IN_FRAMEWORK_HEADER = YES;
				CLANG_WARN_RANGE_LOOP_ANALYSIS = YES;
				CLANG_WARN_STRICT_PROTOTYPES = YES;
				CLANG_WARN_SUSPICIOUS_MOVE = YES;
				CLANG_WARN_UNGUARDED_AVAILABILITY = YES_AGGRESSIVE;
				CLANG_WARN_UNREACHABLE_CODE = YES;
				CLANG_WARN__DUPLICATE_METHOD_MATCH = YES;
				COPY_PHASE_STRIP = NO;
				DEBUG_INFORMATION_FORMAT = "dwarf-with-dsym";
				ENABLE_NS_ASSERTIONS = NO;
				ENABLE_STRICT_OBJC_MSGSEND = YES;
				GCC_C_LANGUAGE_STANDARD = gnu11;
				GCC_NO_COMMON_BLOCKS = YES;
				GCC_WARN_64_TO_32_BIT_CONVERSION = YES;
				GCC_WARN_ABOUT_RETURN_TYPE = YES_ERROR;
				GCC_WARN_UNDECLARED_SELECTOR = YES;
				GCC_WARN_UNINITIALIZED_AUTOS = YES_AGGRESSIVE;
				GCC_WARN_UNUSED_FUNCTION = YES;
				GCC_WARN_UNUSED_VARIABLE = YES;
				IPHONEOS_DEPLOYMENT_TARGET = 15.0;
				MTL_ENABLE_DEBUG_INFO = NO;
				MTL_FAST_MATH = YES;
				SDKROOT = iphoneos;
				SWIFT_COMPILATION_MODE = wholemodule;
				SWIFT_OPTIMIZATION_LEVEL = "-O";
				VALIDATE_PRODUCT = YES;
			};
			name = Release;
		};
		2C5CC517274F381D008EF015 /* Debug */ = {
			isa = XCBuildConfiguration;
			baseConfigurationReference = A207568CA2FD9D24CCBAFCBF /* Pods-MapBoxTraining.debug.xcconfig */;
			buildSettings = {
				ASSETCATALOG_COMPILER_APPICON_NAME = AppIcon;
				ASSETCATALOG_COMPILER_GLOBAL_ACCENT_COLOR_NAME = AccentColor;
				CODE_SIGN_STYLE = Automatic;
				CURRENT_PROJECT_VERSION = 1;
				DEVELOPMENT_TEAM = 6RCYD83376;
				GENERATE_INFOPLIST_FILE = YES;
				INFOPLIST_FILE = MapBoxTraining/Info.plist;
				INFOPLIST_KEY_UIApplicationSupportsIndirectInputEvents = YES;
				INFOPLIST_KEY_UILaunchStoryboardName = LaunchScreen;
				INFOPLIST_KEY_UISupportedInterfaceOrientations_iPad = "UIInterfaceOrientationPortrait UIInterfaceOrientationPortraitUpsideDown UIInterfaceOrientationLandscapeLeft UIInterfaceOrientationLandscapeRight";
				INFOPLIST_KEY_UISupportedInterfaceOrientations_iPhone = "UIInterfaceOrientationPortrait UIInterfaceOrientationLandscapeLeft UIInterfaceOrientationLandscapeRight";
				LD_RUNPATH_SEARCH_PATHS = (
					"$(inherited)",
					"@executable_path/Frameworks",
				);
				MARKETING_VERSION = 1.0;
				PRODUCT_BUNDLE_IDENTIFIER = com.chan.gu.MapBoxTraining;
				PRODUCT_NAME = "$(TARGET_NAME)";
				SWIFT_EMIT_LOC_STRINGS = YES;
				SWIFT_VERSION = 5.0;
				TARGETED_DEVICE_FAMILY = 1;
			};
			name = Debug;
		};
		2C5CC518274F381D008EF015 /* Release */ = {
			isa = XCBuildConfiguration;
			baseConfigurationReference = 9D29CF4D2946043E4DE207B4 /* Pods-MapBoxTraining.release.xcconfig */;
			buildSettings = {
				ASSETCATALOG_COMPILER_APPICON_NAME = AppIcon;
				ASSETCATALOG_COMPILER_GLOBAL_ACCENT_COLOR_NAME = AccentColor;
				CODE_SIGN_STYLE = Automatic;
				CURRENT_PROJECT_VERSION = 1;
				DEVELOPMENT_TEAM = 6RCYD83376;
				GENERATE_INFOPLIST_FILE = YES;
				INFOPLIST_FILE = MapBoxTraining/Info.plist;
				INFOPLIST_KEY_UIApplicationSupportsIndirectInputEvents = YES;
				INFOPLIST_KEY_UILaunchStoryboardName = LaunchScreen;
				INFOPLIST_KEY_UISupportedInterfaceOrientations_iPad = "UIInterfaceOrientationPortrait UIInterfaceOrientationPortraitUpsideDown UIInterfaceOrientationLandscapeLeft UIInterfaceOrientationLandscapeRight";
				INFOPLIST_KEY_UISupportedInterfaceOrientations_iPhone = "UIInterfaceOrientationPortrait UIInterfaceOrientationLandscapeLeft UIInterfaceOrientationLandscapeRight";
				LD_RUNPATH_SEARCH_PATHS = (
					"$(inherited)",
					"@executable_path/Frameworks",
				);
				MARKETING_VERSION = 1.0;
				PRODUCT_BUNDLE_IDENTIFIER = com.chan.gu.MapBoxTraining;
				PRODUCT_NAME = "$(TARGET_NAME)";
				SWIFT_EMIT_LOC_STRINGS = YES;
				SWIFT_VERSION = 5.0;
				TARGETED_DEVICE_FAMILY = 1;
			};
			name = Release;
		};
/* End XCBuildConfiguration section */

/* Begin XCConfigurationList section */
		2C5CC4FD274F3819008EF015 /* Build configuration list for PBXProject "MapBoxTraining" */ = {
			isa = XCConfigurationList;
			buildConfigurations = (
				2C5CC514274F381D008EF015 /* Debug */,
				2C5CC515274F381D008EF015 /* Release */,
			);
			defaultConfigurationIsVisible = 0;
			defaultConfigurationName = Release;
		};
		2C5CC516274F381D008EF015 /* Build configuration list for PBXNativeTarget "MapBoxTraining" */ = {
			isa = XCConfigurationList;
			buildConfigurations = (
				2C5CC517274F381D008EF015 /* Debug */,
				2C5CC518274F381D008EF015 /* Release */,
			);
			defaultConfigurationIsVisible = 0;
			defaultConfigurationName = Release;
		};
/* End XCConfigurationList section */
	};
	rootObject = 2C5CC4FA274F3819008EF015 /* Project object */;
}
